// !$*UTF8*$!
{
	archiveVersion = 1;
	classes = {
	};
	objectVersion = 46;
	objects = {

/* Begin PBXBuildFile section */
		54580C011A32B6EB00657F29 /* AppDelegate.swift in Sources */ = {isa = PBXBuildFile; fileRef = 54580C001A32B6EB00657F29 /* AppDelegate.swift */; };
		54580C041A32B6EB00657F29 /* Fire.xcdatamodeld in Sources */ = {isa = PBXBuildFile; fileRef = 54580C021A32B6EB00657F29 /* Fire.xcdatamodeld */; };
		54580C061A32B6EB00657F29 /* ViewController.swift in Sources */ = {isa = PBXBuildFile; fileRef = 54580C051A32B6EB00657F29 /* ViewController.swift */; };
		54580C091A32B6EB00657F29 /* Main.storyboard in Resources */ = {isa = PBXBuildFile; fileRef = 54580C071A32B6EB00657F29 /* Main.storyboard */; };
		54580C0B1A32B6EB00657F29 /* Images.xcassets in Resources */ = {isa = PBXBuildFile; fileRef = 54580C0A1A32B6EB00657F29 /* Images.xcassets */; };
		54580C0E1A32B6EB00657F29 /* LaunchScreen.xib in Resources */ = {isa = PBXBuildFile; fileRef = 54580C0C1A32B6EB00657F29 /* LaunchScreen.xib */; };
		54580C1A1A32B6EB00657F29 /* FireTests.swift in Sources */ = {isa = PBXBuildFile; fileRef = 54580C191A32B6EB00657F29 /* FireTests.swift */; };
		54580C2C1A336A6000657F29 /* NotificationCenter.framework in Frameworks */ = {isa = PBXBuildFile; fileRef = 54580C2B1A336A6000657F29 /* NotificationCenter.framework */; };
		54580C311A336A6000657F29 /* TodayViewController.swift in Sources */ = {isa = PBXBuildFile; fileRef = 54580C301A336A6000657F29 /* TodayViewController.swift */; };
		54580C331A336A6000657F29 /* MainInterface.storyboard in Resources */ = {isa = PBXBuildFile; fileRef = 54580C321A336A6000657F29 /* MainInterface.storyboard */; };
		54580C361A336A6000657F29 /* FireWidget.appex in Embed App Extensions */ = {isa = PBXBuildFile; fileRef = 54580C291A336A6000657F29 /* FireWidget.appex */; settings = {ATTRIBUTES = (RemoveHeadersOnCopy, ); }; };
		54A077D51A33C53700CB2E58 /* AddButtonViewController.swift in Sources */ = {isa = PBXBuildFile; fileRef = 54A077D41A33C53700CB2E58 /* AddButtonViewController.swift */; };
		54A077D71A33C54D00CB2E58 /* ButtonTableViewController.swift in Sources */ = {isa = PBXBuildFile; fileRef = 54A077D61A33C54D00CB2E58 /* ButtonTableViewController.swift */; };
		54A72C561A345663007FA5E5 /* AppDelegate.swift in Sources */ = {isa = PBXBuildFile; fileRef = 54580C001A32B6EB00657F29 /* AppDelegate.swift */; };
		54A72C571A345666007FA5E5 /* AppDelegate.swift in Sources */ = {isa = PBXBuildFile; fileRef = 54580C001A32B6EB00657F29 /* AppDelegate.swift */; };
		F2038A0B1A33A29100A874F7 /* TableViewController.swift in Sources */ = {isa = PBXBuildFile; fileRef = F2038A0A1A33A29100A874F7 /* TableViewController.swift */; };
		F24B12CF1A32D497000F4B35 /* LocationManager.swift in Sources */ = {isa = PBXBuildFile; fileRef = F24B12CE1A32D497000F4B35 /* LocationManager.swift */; };
		F24B12D11A337FE9000F4B35 /* ContactsViewController.swift in Sources */ = {isa = PBXBuildFile; fileRef = F24B12D01A337FE9000F4B35 /* ContactsViewController.swift */; };
		F2EFE2221A3431A100B21793 /* fire.JPG in Resources */ = {isa = PBXBuildFile; fileRef = F2EFE2101A3431A100B21793 /* fire.JPG */; };
		F2EFE2231A3431A100B21793 /* firebutton.png in Resources */ = {isa = PBXBuildFile; fileRef = F2EFE2111A3431A100B21793 /* firebutton.png */; };
		F2EFE2241A3431A100B21793 /* Icon-60.png in Resources */ = {isa = PBXBuildFile; fileRef = F2EFE2121A3431A100B21793 /* Icon-60.png */; };
		F2EFE2251A3431A100B21793 /* Icon-72.png in Resources */ = {isa = PBXBuildFile; fileRef = F2EFE2131A3431A100B21793 /* Icon-72.png */; };
		F2EFE2261A3431A100B21793 /* Icon-72@2x.png in Resources */ = {isa = PBXBuildFile; fileRef = F2EFE2141A3431A100B21793 /* Icon-72@2x.png */; };
		F2EFE2271A3431A100B21793 /* Icon-Small-50.png in Resources */ = {isa = PBXBuildFile; fileRef = F2EFE2151A3431A100B21793 /* Icon-Small-50.png */; };
		F2EFE2281A3431A100B21793 /* Icon-Small-50@2x.png in Resources */ = {isa = PBXBuildFile; fileRef = F2EFE2161A3431A100B21793 /* Icon-Small-50@2x.png */; };
		F2EFE2291A3431A100B21793 /* Icon.png in Resources */ = {isa = PBXBuildFile; fileRef = F2EFE2171A3431A100B21793 /* Icon.png */; };
		F2EFE22A1A3431A100B21793 /* Icon@2x.png in Resources */ = {isa = PBXBuildFile; fileRef = F2EFE2181A3431A100B21793 /* Icon@2x.png */; };
		F2EFE22B1A3431A100B21793 /* iphone.jpeg in Resources */ = {isa = PBXBuildFile; fileRef = F2EFE2191A3431A100B21793 /* iphone.jpeg */; };
		F2EFE22C1A3431A100B21793 /* iphone2x.jpeg in Resources */ = {isa = PBXBuildFile; fileRef = F2EFE21A1A3431A100B21793 /* iphone2x.jpeg */; };
		F2EFE22D1A3431A100B21793 /* iTunesArtwork.png in Resources */ = {isa = PBXBuildFile; fileRef = F2EFE21B1A3431A100B21793 /* iTunesArtwork.png */; };
		F2EFE22E1A3431A100B21793 /* iTunesArtwork@2x.png in Resources */ = {isa = PBXBuildFile; fileRef = F2EFE21C1A3431A100B21793 /* iTunesArtwork@2x.png */; };
		F2EFE22F1A3431A100B21793 /* launch-retina-4.jpeg in Resources */ = {isa = PBXBuildFile; fileRef = F2EFE21D1A3431A100B21793 /* launch-retina-4.jpeg */; };
		F2EFE2301A3431A100B21793 /* launch-screen.jpg in Resources */ = {isa = PBXBuildFile; fileRef = F2EFE21E1A3431A100B21793 /* launch-screen.jpg */; };
		F2EFE2311A3431A100B21793 /* love-in-fire.jpg in Resources */ = {isa = PBXBuildFile; fileRef = F2EFE21F1A3431A100B21793 /* love-in-fire.jpg */; };
		F2EFE2321A3431A100B21793 /* people.png in Resources */ = {isa = PBXBuildFile; fileRef = F2EFE2201A3431A100B21793 /* people.png */; };
		F2EFE2331A3431A100B21793 /* pheonix.jpg in Resources */ = {isa = PBXBuildFile; fileRef = F2EFE2211A3431A100B21793 /* pheonix.jpg */; };
		F2EFE2351A34337400B21793 /* fire_button_large.png in Resources */ = {isa = PBXBuildFile; fileRef = F2EFE2341A34337400B21793 /* fire_button_large.png */; };
		F2EFE2371A3433D400B21793 /* fire_button_large.png in Resources */ = {isa = PBXBuildFile; fileRef = F2EFE2361A3433D400B21793 /* fire_button_large.png */; };
		F2EFE2391A3435AF00B21793 /* swipe.png in Resources */ = {isa = PBXBuildFile; fileRef = F2EFE2381A3435AF00B21793 /* swipe.png */; };
		F2EFE23B1A34365600B21793 /* swipe2.png in Resources */ = {isa = PBXBuildFile; fileRef = F2EFE23A1A34365600B21793 /* swipe2.png */; };
		F2EFE23D1A343D9900B21793 /* add.png in Resources */ = {isa = PBXBuildFile; fileRef = F2EFE23C1A343D9900B21793 /* add.png */; };
		F2EFE23F1A343DF600B21793 /* people.png in Resources */ = {isa = PBXBuildFile; fileRef = F2EFE23E1A343DF600B21793 /* people.png */; };
		F2EFE2411A343E1400B21793 /* add.png in Resources */ = {isa = PBXBuildFile; fileRef = F2EFE2401A343E1400B21793 /* add.png */; };
		F2EFE2431A343E2800B21793 /* add.png in Resources */ = {isa = PBXBuildFile; fileRef = F2EFE2421A343E2800B21793 /* add.png */; };
		F2EFE2451A343F2B00B21793 /* add.png in Resources */ = {isa = PBXBuildFile; fileRef = F2EFE2441A343F2B00B21793 /* add.png */; };
		F2EFE2471A344FAE00B21793 /* back.png in Resources */ = {isa = PBXBuildFile; fileRef = F2EFE2461A344FAE00B21793 /* back.png */; };
		F2EFE2491A34501600B21793 /* back.png in Resources */ = {isa = PBXBuildFile; fileRef = F2EFE2481A34501600B21793 /* back.png */; };
		F2EFE24D1A346DF400B21793 /* Icon-40.png in Resources */ = {isa = PBXBuildFile; fileRef = F2EFE24A1A346DF400B21793 /* Icon-40.png */; };
		F2EFE24E1A346DF400B21793 /* Icon-40@2x.png in Resources */ = {isa = PBXBuildFile; fileRef = F2EFE24B1A346DF400B21793 /* Icon-40@2x.png */; };
		F2EFE24F1A346DF400B21793 /* Icon-40@3x.png in Resources */ = {isa = PBXBuildFile; fileRef = F2EFE24C1A346DF400B21793 /* Icon-40@3x.png */; };
		F2EFE2521A346DFB00B21793 /* Icon-60@2x.png in Resources */ = {isa = PBXBuildFile; fileRef = F2EFE2501A346DFB00B21793 /* Icon-60@2x.png */; };
		F2EFE2531A346DFB00B21793 /* Icon-60@3x.png in Resources */ = {isa = PBXBuildFile; fileRef = F2EFE2511A346DFB00B21793 /* Icon-60@3x.png */; };
		F2EFE2561A346E0100B21793 /* Icon-76.png in Resources */ = {isa = PBXBuildFile; fileRef = F2EFE2541A346E0100B21793 /* Icon-76.png */; };
		F2EFE2571A346E0100B21793 /* Icon-76@2x.png in Resources */ = {isa = PBXBuildFile; fileRef = F2EFE2551A346E0100B21793 /* Icon-76@2x.png */; };
		F2EFE25B1A346E0A00B21793 /* Icon-Small.png in Resources */ = {isa = PBXBuildFile; fileRef = F2EFE2581A346E0A00B21793 /* Icon-Small.png */; };
		F2EFE25C1A346E0A00B21793 /* Icon-Small@2x.png in Resources */ = {isa = PBXBuildFile; fileRef = F2EFE2591A346E0A00B21793 /* Icon-Small@2x.png */; };
		F2EFE25D1A346E0A00B21793 /* Icon-Small@3x.png in Resources */ = {isa = PBXBuildFile; fileRef = F2EFE25A1A346E0A00B21793 /* Icon-Small@3x.png */; };
		F2EFE25F1A346EFF00B21793 /* logo.png in Resources */ = {isa = PBXBuildFile; fileRef = F2EFE25E1A346EFF00B21793 /* logo.png */; };
		F2EFE2611A34722100B21793 /* launchscreenfinal.png in Resources */ = {isa = PBXBuildFile; fileRef = F2EFE2601A34722100B21793 /* launchscreenfinal.png */; };
		F2EFE2631A34726D00B21793 /* launchscreen-adjusted.png in Resources */ = {isa = PBXBuildFile; fileRef = F2EFE2621A34726D00B21793 /* launchscreen-adjusted.png */; };
		F2EFE2671A347C7600B21793 /* ResponsiveTextFieldViewController.swift in Sources */ = {isa = PBXBuildFile; fileRef = F2EFE2661A347C7600B21793 /* ResponsiveTextFieldViewController.swift */; };
/* End PBXBuildFile section */

/* Begin PBXContainerItemProxy section */
		54580C141A32B6EB00657F29 /* PBXContainerItemProxy */ = {
			isa = PBXContainerItemProxy;
			containerPortal = 54580BF31A32B6EB00657F29 /* Project object */;
			proxyType = 1;
			remoteGlobalIDString = 54580BFA1A32B6EB00657F29;
			remoteInfo = Fire;
		};
		54580C341A336A6000657F29 /* PBXContainerItemProxy */ = {
			isa = PBXContainerItemProxy;
			containerPortal = 54580BF31A32B6EB00657F29 /* Project object */;
			proxyType = 1;
			remoteGlobalIDString = 54580C281A336A6000657F29;
			remoteInfo = FireWidget;
		};
/* End PBXContainerItemProxy section */

/* Begin PBXCopyFilesBuildPhase section */
		54580C3A1A336A6000657F29 /* Embed App Extensions */ = {
			isa = PBXCopyFilesBuildPhase;
			buildActionMask = 2147483647;
			dstPath = "";
			dstSubfolderSpec = 13;
			files = (
				54580C361A336A6000657F29 /* FireWidget.appex in Embed App Extensions */,
			);
			name = "Embed App Extensions";
			runOnlyForDeploymentPostprocessing = 0;
		};
/* End PBXCopyFilesBuildPhase section */

/* Begin PBXFileReference section */
		54580BFB1A32B6EB00657F29 /* Fire.app */ = {isa = PBXFileReference; explicitFileType = wrapper.application; includeInIndex = 0; path = Fire.app; sourceTree = BUILT_PRODUCTS_DIR; };
		54580BFF1A32B6EB00657F29 /* Info.plist */ = {isa = PBXFileReference; lastKnownFileType = text.plist.xml; path = Info.plist; sourceTree = "<group>"; };
		54580C001A32B6EB00657F29 /* AppDelegate.swift */ = {isa = PBXFileReference; lastKnownFileType = sourcecode.swift; path = AppDelegate.swift; sourceTree = "<group>"; };
		54580C031A32B6EB00657F29 /* Fire.xcdatamodel */ = {isa = PBXFileReference; lastKnownFileType = wrapper.xcdatamodel; path = Fire.xcdatamodel; sourceTree = "<group>"; };
		54580C051A32B6EB00657F29 /* ViewController.swift */ = {isa = PBXFileReference; lastKnownFileType = sourcecode.swift; path = ViewController.swift; sourceTree = "<group>"; };
		54580C081A32B6EB00657F29 /* Base */ = {isa = PBXFileReference; lastKnownFileType = file.storyboard; name = Base; path = Base.lproj/Main.storyboard; sourceTree = "<group>"; };
		54580C0A1A32B6EB00657F29 /* Images.xcassets */ = {isa = PBXFileReference; lastKnownFileType = folder.assetcatalog; path = Images.xcassets; sourceTree = "<group>"; };
		54580C0D1A32B6EB00657F29 /* Base */ = {isa = PBXFileReference; lastKnownFileType = file.xib; name = Base; path = Base.lproj/LaunchScreen.xib; sourceTree = "<group>"; };
		54580C131A32B6EB00657F29 /* FireTests.xctest */ = {isa = PBXFileReference; explicitFileType = wrapper.cfbundle; includeInIndex = 0; path = FireTests.xctest; sourceTree = BUILT_PRODUCTS_DIR; };
		54580C181A32B6EB00657F29 /* Info.plist */ = {isa = PBXFileReference; lastKnownFileType = text.plist.xml; path = Info.plist; sourceTree = "<group>"; };
		54580C191A32B6EB00657F29 /* FireTests.swift */ = {isa = PBXFileReference; lastKnownFileType = sourcecode.swift; path = FireTests.swift; sourceTree = "<group>"; };
		54580C291A336A6000657F29 /* FireWidget.appex */ = {isa = PBXFileReference; explicitFileType = "wrapper.app-extension"; includeInIndex = 0; path = FireWidget.appex; sourceTree = BUILT_PRODUCTS_DIR; };
		54580C2B1A336A6000657F29 /* NotificationCenter.framework */ = {isa = PBXFileReference; lastKnownFileType = wrapper.framework; name = NotificationCenter.framework; path = System/Library/Frameworks/NotificationCenter.framework; sourceTree = SDKROOT; };
		54580C2F1A336A6000657F29 /* Info.plist */ = {isa = PBXFileReference; lastKnownFileType = text.plist.xml; path = Info.plist; sourceTree = "<group>"; };
		54580C301A336A6000657F29 /* TodayViewController.swift */ = {isa = PBXFileReference; lastKnownFileType = sourcecode.swift; path = TodayViewController.swift; sourceTree = "<group>"; };
		54580C321A336A6000657F29 /* MainInterface.storyboard */ = {isa = PBXFileReference; lastKnownFileType = file.storyboard; path = MainInterface.storyboard; sourceTree = "<group>"; };
		54A077D41A33C53700CB2E58 /* AddButtonViewController.swift */ = {isa = PBXFileReference; fileEncoding = 4; lastKnownFileType = sourcecode.swift; path = AddButtonViewController.swift; sourceTree = "<group>"; };
		54A077D61A33C54D00CB2E58 /* ButtonTableViewController.swift */ = {isa = PBXFileReference; fileEncoding = 4; lastKnownFileType = sourcecode.swift; path = ButtonTableViewController.swift; sourceTree = "<group>"; };
		F2038A0A1A33A29100A874F7 /* TableViewController.swift */ = {isa = PBXFileReference; fileEncoding = 4; lastKnownFileType = sourcecode.swift; path = TableViewController.swift; sourceTree = "<group>"; };
		F24B12CE1A32D497000F4B35 /* LocationManager.swift */ = {isa = PBXFileReference; fileEncoding = 4; lastKnownFileType = sourcecode.swift; path = LocationManager.swift; sourceTree = "<group>"; };
		F24B12D01A337FE9000F4B35 /* ContactsViewController.swift */ = {isa = PBXFileReference; fileEncoding = 4; lastKnownFileType = sourcecode.swift; path = ContactsViewController.swift; sourceTree = "<group>"; };
		F2EFE2101A3431A100B21793 /* fire.JPG */ = {isa = PBXFileReference; lastKnownFileType = image.jpeg; name = fire.JPG; path = pics/fire.JPG; sourceTree = SOURCE_ROOT; };
		F2EFE2111A3431A100B21793 /* firebutton.png */ = {isa = PBXFileReference; lastKnownFileType = image.png; name = firebutton.png; path = pics/firebutton.png; sourceTree = SOURCE_ROOT; };
		F2EFE2121A3431A100B21793 /* Icon-60.png */ = {isa = PBXFileReference; lastKnownFileType = image.png; name = "Icon-60.png"; path = "pics/Icon-60.png"; sourceTree = SOURCE_ROOT; };
		F2EFE2131A3431A100B21793 /* Icon-72.png */ = {isa = PBXFileReference; lastKnownFileType = image.png; name = "Icon-72.png"; path = "pics/Icon-72.png"; sourceTree = SOURCE_ROOT; };
		F2EFE2141A3431A100B21793 /* Icon-72@2x.png */ = {isa = PBXFileReference; lastKnownFileType = image.png; name = "Icon-72@2x.png"; path = "pics/Icon-72@2x.png"; sourceTree = SOURCE_ROOT; };
		F2EFE2151A3431A100B21793 /* Icon-Small-50.png */ = {isa = PBXFileReference; lastKnownFileType = image.png; name = "Icon-Small-50.png"; path = "pics/Icon-Small-50.png"; sourceTree = SOURCE_ROOT; };
		F2EFE2161A3431A100B21793 /* Icon-Small-50@2x.png */ = {isa = PBXFileReference; lastKnownFileType = image.png; name = "Icon-Small-50@2x.png"; path = "pics/Icon-Small-50@2x.png"; sourceTree = SOURCE_ROOT; };
		F2EFE2171A3431A100B21793 /* Icon.png */ = {isa = PBXFileReference; lastKnownFileType = image.png; name = Icon.png; path = pics/Icon.png; sourceTree = SOURCE_ROOT; };
		F2EFE2181A3431A100B21793 /* Icon@2x.png */ = {isa = PBXFileReference; lastKnownFileType = image.png; name = "Icon@2x.png"; path = "pics/Icon@2x.png"; sourceTree = SOURCE_ROOT; };
		F2EFE2191A3431A100B21793 /* iphone.jpeg */ = {isa = PBXFileReference; lastKnownFileType = image.jpeg; name = iphone.jpeg; path = pics/iphone.jpeg; sourceTree = SOURCE_ROOT; };
		F2EFE21A1A3431A100B21793 /* iphone2x.jpeg */ = {isa = PBXFileReference; lastKnownFileType = image.jpeg; name = iphone2x.jpeg; path = pics/iphone2x.jpeg; sourceTree = SOURCE_ROOT; };
		F2EFE21B1A3431A100B21793 /* iTunesArtwork.png */ = {isa = PBXFileReference; lastKnownFileType = image.png; name = iTunesArtwork.png; path = pics/iTunesArtwork.png; sourceTree = SOURCE_ROOT; };
		F2EFE21C1A3431A100B21793 /* iTunesArtwork@2x.png */ = {isa = PBXFileReference; lastKnownFileType = image.png; name = "iTunesArtwork@2x.png"; path = "pics/iTunesArtwork@2x.png"; sourceTree = SOURCE_ROOT; };
		F2EFE21D1A3431A100B21793 /* launch-retina-4.jpeg */ = {isa = PBXFileReference; lastKnownFileType = image.jpeg; name = "launch-retina-4.jpeg"; path = "pics/launch-retina-4.jpeg"; sourceTree = SOURCE_ROOT; };
		F2EFE21E1A3431A100B21793 /* launch-screen.jpg */ = {isa = PBXFileReference; lastKnownFileType = image.jpeg; name = "launch-screen.jpg"; path = "pics/launch-screen.jpg"; sourceTree = SOURCE_ROOT; };
		F2EFE21F1A3431A100B21793 /* love-in-fire.jpg */ = {isa = PBXFileReference; lastKnownFileType = image.jpeg; name = "love-in-fire.jpg"; path = "pics/love-in-fire.jpg"; sourceTree = SOURCE_ROOT; };
		F2EFE2201A3431A100B21793 /* people.png */ = {isa = PBXFileReference; lastKnownFileType = image.png; name = people.png; path = pics/people.png; sourceTree = SOURCE_ROOT; };
		F2EFE2211A3431A100B21793 /* pheonix.jpg */ = {isa = PBXFileReference; lastKnownFileType = image.jpeg; name = pheonix.jpg; path = pics/pheonix.jpg; sourceTree = SOURCE_ROOT; };
		F2EFE2341A34337400B21793 /* fire_button_large.png */ = {isa = PBXFileReference; lastKnownFileType = image.png; name = fire_button_large.png; path = pics/fire_button_large.png; sourceTree = SOURCE_ROOT; };
		F2EFE2361A3433D400B21793 /* fire_button_large.png */ = {isa = PBXFileReference; lastKnownFileType = image.png; name = fire_button_large.png; path = pics/fire_button_large.png; sourceTree = SOURCE_ROOT; };
		F2EFE2381A3435AF00B21793 /* swipe.png */ = {isa = PBXFileReference; lastKnownFileType = image.png; name = swipe.png; path = pics/swipe.png; sourceTree = SOURCE_ROOT; };
		F2EFE23A1A34365600B21793 /* swipe2.png */ = {isa = PBXFileReference; lastKnownFileType = image.png; name = swipe2.png; path = pics/swipe2.png; sourceTree = SOURCE_ROOT; };
		F2EFE23C1A343D9900B21793 /* add.png */ = {isa = PBXFileReference; lastKnownFileType = image.png; name = add.png; path = pics/add.png; sourceTree = SOURCE_ROOT; };
		F2EFE23E1A343DF600B21793 /* people.png */ = {isa = PBXFileReference; lastKnownFileType = image.png; name = people.png; path = pics/people.png; sourceTree = SOURCE_ROOT; };
		F2EFE2401A343E1400B21793 /* add.png */ = {isa = PBXFileReference; lastKnownFileType = image.png; name = add.png; path = pics/add.png; sourceTree = SOURCE_ROOT; };
		F2EFE2421A343E2800B21793 /* add.png */ = {isa = PBXFileReference; lastKnownFileType = image.png; name = add.png; path = pics/add.png; sourceTree = SOURCE_ROOT; };
		F2EFE2441A343F2B00B21793 /* add.png */ = {isa = PBXFileReference; lastKnownFileType = image.png; name = add.png; path = pics/add.png; sourceTree = SOURCE_ROOT; };
		F2EFE2461A344FAE00B21793 /* back.png */ = {isa = PBXFileReference; lastKnownFileType = image.png; name = back.png; path = pics/back.png; sourceTree = SOURCE_ROOT; };
		F2EFE2481A34501600B21793 /* back.png */ = {isa = PBXFileReference; lastKnownFileType = image.png; name = back.png; path = pics/back.png; sourceTree = SOURCE_ROOT; };
		F2EFE24A1A346DF400B21793 /* Icon-40.png */ = {isa = PBXFileReference; lastKnownFileType = image.png; name = "Icon-40.png"; path = "pics/Icon-40.png"; sourceTree = SOURCE_ROOT; };
		F2EFE24B1A346DF400B21793 /* Icon-40@2x.png */ = {isa = PBXFileReference; lastKnownFileType = image.png; name = "Icon-40@2x.png"; path = "pics/Icon-40@2x.png"; sourceTree = SOURCE_ROOT; };
		F2EFE24C1A346DF400B21793 /* Icon-40@3x.png */ = {isa = PBXFileReference; lastKnownFileType = image.png; name = "Icon-40@3x.png"; path = "pics/Icon-40@3x.png"; sourceTree = SOURCE_ROOT; };
		F2EFE2501A346DFB00B21793 /* Icon-60@2x.png */ = {isa = PBXFileReference; lastKnownFileType = image.png; name = "Icon-60@2x.png"; path = "pics/Icon-60@2x.png"; sourceTree = SOURCE_ROOT; };
		F2EFE2511A346DFB00B21793 /* Icon-60@3x.png */ = {isa = PBXFileReference; lastKnownFileType = image.png; name = "Icon-60@3x.png"; path = "pics/Icon-60@3x.png"; sourceTree = SOURCE_ROOT; };
		F2EFE2541A346E0100B21793 /* Icon-76.png */ = {isa = PBXFileReference; lastKnownFileType = image.png; name = "Icon-76.png"; path = "pics/Icon-76.png"; sourceTree = SOURCE_ROOT; };
		F2EFE2551A346E0100B21793 /* Icon-76@2x.png */ = {isa = PBXFileReference; lastKnownFileType = image.png; name = "Icon-76@2x.png"; path = "pics/Icon-76@2x.png"; sourceTree = SOURCE_ROOT; };
		F2EFE2581A346E0A00B21793 /* Icon-Small.png */ = {isa = PBXFileReference; lastKnownFileType = image.png; name = "Icon-Small.png"; path = "pics/Icon-Small.png"; sourceTree = SOURCE_ROOT; };
		F2EFE2591A346E0A00B21793 /* Icon-Small@2x.png */ = {isa = PBXFileReference; lastKnownFileType = image.png; name = "Icon-Small@2x.png"; path = "pics/Icon-Small@2x.png"; sourceTree = SOURCE_ROOT; };
		F2EFE25A1A346E0A00B21793 /* Icon-Small@3x.png */ = {isa = PBXFileReference; lastKnownFileType = image.png; name = "Icon-Small@3x.png"; path = "pics/Icon-Small@3x.png"; sourceTree = SOURCE_ROOT; };
		F2EFE25E1A346EFF00B21793 /* logo.png */ = {isa = PBXFileReference; lastKnownFileType = image.png; name = logo.png; path = pics/logo.png; sourceTree = SOURCE_ROOT; };
		F2EFE2601A34722100B21793 /* launchscreenfinal.png */ = {isa = PBXFileReference; lastKnownFileType = image.png; name = launchscreenfinal.png; path = pics/launchscreenfinal.png; sourceTree = SOURCE_ROOT; };
		F2EFE2621A34726D00B21793 /* launchscreen-adjusted.png */ = {isa = PBXFileReference; lastKnownFileType = image.png; name = "launchscreen-adjusted.png"; path = "pics/launchscreen-adjusted.png"; sourceTree = SOURCE_ROOT; };
		F2EFE2661A347C7600B21793 /* ResponsiveTextFieldViewController.swift */ = {isa = PBXFileReference; fileEncoding = 4; lastKnownFileType = sourcecode.swift; path = ResponsiveTextFieldViewController.swift; sourceTree = "<group>"; };
/* End PBXFileReference section */

/* Begin PBXFrameworksBuildPhase section */
		54580BF81A32B6EB00657F29 /* Frameworks */ = {
			isa = PBXFrameworksBuildPhase;
			buildActionMask = 2147483647;
			files = (
			);
			runOnlyForDeploymentPostprocessing = 0;
		};
		54580C101A32B6EB00657F29 /* Frameworks */ = {
			isa = PBXFrameworksBuildPhase;
			buildActionMask = 2147483647;
			files = (
			);
			runOnlyForDeploymentPostprocessing = 0;
		};
		54580C261A336A6000657F29 /* Frameworks */ = {
			isa = PBXFrameworksBuildPhase;
			buildActionMask = 2147483647;
			files = (
				54580C2C1A336A6000657F29 /* NotificationCenter.framework in Frameworks */,
			);
			runOnlyForDeploymentPostprocessing = 0;
		};
/* End PBXFrameworksBuildPhase section */

/* Begin PBXGroup section */
		54580BF21A32B6EB00657F29 = {
			isa = PBXGroup;
			children = (
				54580BFD1A32B6EB00657F29 /* Fire */,
				54580C161A32B6EB00657F29 /* FireTests */,
				54580C2D1A336A6000657F29 /* FireWidget */,
				54580C2A1A336A6000657F29 /* Frameworks */,
				54580BFC1A32B6EB00657F29 /* Products */,
			);
			sourceTree = "<group>";
		};
		54580BFC1A32B6EB00657F29 /* Products */ = {
			isa = PBXGroup;
			children = (
				54580BFB1A32B6EB00657F29 /* Fire.app */,
				54580C131A32B6EB00657F29 /* FireTests.xctest */,
				54580C291A336A6000657F29 /* FireWidget.appex */,
			);
			name = Products;
			sourceTree = "<group>";
		};
		54580BFD1A32B6EB00657F29 /* Fire */ = {
			isa = PBXGroup;
			children = (
				F24B12CE1A32D497000F4B35 /* LocationManager.swift */,
				54580C001A32B6EB00657F29 /* AppDelegate.swift */,
				54580C051A32B6EB00657F29 /* ViewController.swift */,
				F2038A0A1A33A29100A874F7 /* TableViewController.swift */,
				54580C071A32B6EB00657F29 /* Main.storyboard */,
				F24B12D01A337FE9000F4B35 /* ContactsViewController.swift */,
				54A077D41A33C53700CB2E58 /* AddButtonViewController.swift */,
				54A077D61A33C54D00CB2E58 /* ButtonTableViewController.swift */,
				54580C0A1A32B6EB00657F29 /* Images.xcassets */,
				54580C0C1A32B6EB00657F29 /* LaunchScreen.xib */,
				54580C021A32B6EB00657F29 /* Fire.xcdatamodeld */,
				54580BFE1A32B6EB00657F29 /* Supporting Files */,
				F2EFE2661A347C7600B21793 /* ResponsiveTextFieldViewController.swift */,
			);
			path = Fire;
			sourceTree = "<group>";
		};
		54580BFE1A32B6EB00657F29 /* Supporting Files */ = {
			isa = PBXGroup;
			children = (
				F2EFE2101A3431A100B21793 /* fire.JPG */,
				F2EFE23C1A343D9900B21793 /* add.png */,
				F2EFE2111A3431A100B21793 /* firebutton.png */,
				F2EFE2481A34501600B21793 /* back.png */,
				F2EFE2461A344FAE00B21793 /* back.png */,
				F2EFE2381A3435AF00B21793 /* swipe.png */,
				F2EFE2581A346E0A00B21793 /* Icon-Small.png */,
				F2EFE2591A346E0A00B21793 /* Icon-Small@2x.png */,
				F2EFE25A1A346E0A00B21793 /* Icon-Small@3x.png */,
				F2EFE2441A343F2B00B21793 /* add.png */,
				F2EFE2501A346DFB00B21793 /* Icon-60@2x.png */,
				F2EFE2621A34726D00B21793 /* launchscreen-adjusted.png */,
				F2EFE2541A346E0100B21793 /* Icon-76.png */,
				F2EFE2551A346E0100B21793 /* Icon-76@2x.png */,
				F2EFE2601A34722100B21793 /* launchscreenfinal.png */,
				F2EFE2511A346DFB00B21793 /* Icon-60@3x.png */,
				F2EFE24A1A346DF400B21793 /* Icon-40.png */,
				F2EFE24B1A346DF400B21793 /* Icon-40@2x.png */,
				F2EFE25E1A346EFF00B21793 /* logo.png */,
				F2EFE24C1A346DF400B21793 /* Icon-40@3x.png */,
				F2EFE2121A3431A100B21793 /* Icon-60.png */,
				F2EFE2131A3431A100B21793 /* Icon-72.png */,
				F2EFE2361A3433D400B21793 /* fire_button_large.png */,
				F2EFE23A1A34365600B21793 /* swipe2.png */,
				F2EFE2141A3431A100B21793 /* Icon-72@2x.png */,
				F2EFE2151A3431A100B21793 /* Icon-Small-50.png */,
				F2EFE2161A3431A100B21793 /* Icon-Small-50@2x.png */,
				F2EFE2171A3431A100B21793 /* Icon.png */,
				F2EFE2181A3431A100B21793 /* Icon@2x.png */,
				F2EFE2421A343E2800B21793 /* add.png */,
				F2EFE23E1A343DF600B21793 /* people.png */,
				F2EFE2401A343E1400B21793 /* add.png */,
				F2EFE2191A3431A100B21793 /* iphone.jpeg */,
				F2EFE21A1A3431A100B21793 /* iphone2x.jpeg */,
				F2EFE21B1A3431A100B21793 /* iTunesArtwork.png */,
				F2EFE2341A34337400B21793 /* fire_button_large.png */,
				F2EFE21C1A3431A100B21793 /* iTunesArtwork@2x.png */,
				F2EFE21D1A3431A100B21793 /* launch-retina-4.jpeg */,
				F2EFE21E1A3431A100B21793 /* launch-screen.jpg */,
				F2EFE21F1A3431A100B21793 /* love-in-fire.jpg */,
				F2EFE2201A3431A100B21793 /* people.png */,
				F2EFE2211A3431A100B21793 /* pheonix.jpg */,
				54580BFF1A32B6EB00657F29 /* Info.plist */,
			);
			name = "Supporting Files";
			sourceTree = "<group>";
		};
		54580C161A32B6EB00657F29 /* FireTests */ = {
			isa = PBXGroup;
			children = (
				54580C191A32B6EB00657F29 /* FireTests.swift */,
				54580C171A32B6EB00657F29 /* Supporting Files */,
			);
			path = FireTests;
			sourceTree = "<group>";
		};
		54580C171A32B6EB00657F29 /* Supporting Files */ = {
			isa = PBXGroup;
			children = (
				54580C181A32B6EB00657F29 /* Info.plist */,
			);
			name = "Supporting Files";
			sourceTree = "<group>";
		};
		54580C2A1A336A6000657F29 /* Frameworks */ = {
			isa = PBXGroup;
			children = (
				54580C2B1A336A6000657F29 /* NotificationCenter.framework */,
			);
			name = Frameworks;
			sourceTree = "<group>";
		};
		54580C2D1A336A6000657F29 /* FireWidget */ = {
			isa = PBXGroup;
			children = (
				54580C301A336A6000657F29 /* TodayViewController.swift */,
				54580C321A336A6000657F29 /* MainInterface.storyboard */,
				54580C2E1A336A6000657F29 /* Supporting Files */,
			);
			path = FireWidget;
			sourceTree = "<group>";
		};
		54580C2E1A336A6000657F29 /* Supporting Files */ = {
			isa = PBXGroup;
			children = (
				54580C2F1A336A6000657F29 /* Info.plist */,
			);
			name = "Supporting Files";
			sourceTree = "<group>";
		};
/* End PBXGroup section */

/* Begin PBXNativeTarget section */
		54580BFA1A32B6EB00657F29 /* Fire */ = {
			isa = PBXNativeTarget;
			buildConfigurationList = 54580C1D1A32B6EB00657F29 /* Build configuration list for PBXNativeTarget "Fire" */;
			buildPhases = (
				54580BF71A32B6EB00657F29 /* Sources */,
				54580BF81A32B6EB00657F29 /* Frameworks */,
				54580BF91A32B6EB00657F29 /* Resources */,
				54580C3A1A336A6000657F29 /* Embed App Extensions */,
			);
			buildRules = (
			);
			dependencies = (
				54580C351A336A6000657F29 /* PBXTargetDependency */,
			);
			name = Fire;
			productName = Fire;
			productReference = 54580BFB1A32B6EB00657F29 /* Fire.app */;
			productType = "com.apple.product-type.application";
		};
		54580C121A32B6EB00657F29 /* FireTests */ = {
			isa = PBXNativeTarget;
			buildConfigurationList = 54580C201A32B6EB00657F29 /* Build configuration list for PBXNativeTarget "FireTests" */;
			buildPhases = (
				54580C0F1A32B6EB00657F29 /* Sources */,
				54580C101A32B6EB00657F29 /* Frameworks */,
				54580C111A32B6EB00657F29 /* Resources */,
			);
			buildRules = (
			);
			dependencies = (
				54580C151A32B6EB00657F29 /* PBXTargetDependency */,
			);
			name = FireTests;
			productName = FireTests;
			productReference = 54580C131A32B6EB00657F29 /* FireTests.xctest */;
			productType = "com.apple.product-type.bundle.unit-test";
		};
		54580C281A336A6000657F29 /* FireWidget */ = {
			isa = PBXNativeTarget;
			buildConfigurationList = 54580C391A336A6000657F29 /* Build configuration list for PBXNativeTarget "FireWidget" */;
			buildPhases = (
				54580C251A336A6000657F29 /* Sources */,
				54580C261A336A6000657F29 /* Frameworks */,
				54580C271A336A6000657F29 /* Resources */,
			);
			buildRules = (
			);
			dependencies = (
			);
			name = FireWidget;
			productName = FireWidget;
			productReference = 54580C291A336A6000657F29 /* FireWidget.appex */;
			productType = "com.apple.product-type.app-extension";
		};
/* End PBXNativeTarget section */

/* Begin PBXProject section */
		54580BF31A32B6EB00657F29 /* Project object */ = {
			isa = PBXProject;
			attributes = {
				LastUpgradeCheck = 0610;
				ORGANIZATIONNAME = "Karen Kennedy";
				TargetAttributes = {
					54580BFA1A32B6EB00657F29 = {
						CreatedOnToolsVersion = 6.1.1;
					};
					54580C121A32B6EB00657F29 = {
						CreatedOnToolsVersion = 6.1.1;
						TestTargetID = 54580BFA1A32B6EB00657F29;
					};
					54580C281A336A6000657F29 = {
						CreatedOnToolsVersion = 6.1.1;
					};
				};
			};
			buildConfigurationList = 54580BF61A32B6EB00657F29 /* Build configuration list for PBXProject "Fire" */;
			compatibilityVersion = "Xcode 3.2";
			developmentRegion = English;
			hasScannedForEncodings = 0;
			knownRegions = (
				en,
				Base,
			);
			mainGroup = 54580BF21A32B6EB00657F29;
			productRefGroup = 54580BFC1A32B6EB00657F29 /* Products */;
			projectDirPath = "";
			projectRoot = "";
			targets = (
				54580BFA1A32B6EB00657F29 /* Fire */,
				54580C121A32B6EB00657F29 /* FireTests */,
				54580C281A336A6000657F29 /* FireWidget */,
			);
		};
/* End PBXProject section */

/* Begin PBXResourcesBuildPhase section */
		54580BF91A32B6EB00657F29 /* Resources */ = {
			isa = PBXResourcesBuildPhase;
			buildActionMask = 2147483647;
			files = (
				F2EFE2271A3431A100B21793 /* Icon-Small-50.png in Resources */,
				F2EFE2371A3433D400B21793 /* fire_button_large.png in Resources */,
				F2EFE2451A343F2B00B21793 /* add.png in Resources */,
				F2EFE24F1A346DF400B21793 /* Icon-40@3x.png in Resources */,
				F2EFE2281A3431A100B21793 /* Icon-Small-50@2x.png in Resources */,
				54580C091A32B6EB00657F29 /* Main.storyboard in Resources */,
				F2EFE24D1A346DF400B21793 /* Icon-40.png in Resources */,
				F2EFE2311A3431A100B21793 /* love-in-fire.jpg in Resources */,
				F2EFE2391A3435AF00B21793 /* swipe.png in Resources */,
				F2EFE2261A3431A100B21793 /* Icon-72@2x.png in Resources */,
				F2EFE22A1A3431A100B21793 /* Icon@2x.png in Resources */,
				F2EFE2521A346DFB00B21793 /* Icon-60@2x.png in Resources */,
				F2EFE25D1A346E0A00B21793 /* Icon-Small@3x.png in Resources */,
				F2EFE2531A346DFB00B21793 /* Icon-60@3x.png in Resources */,
				F2EFE22F1A3431A100B21793 /* launch-retina-4.jpeg in Resources */,
				F2EFE2221A3431A100B21793 /* fire.JPG in Resources */,
				F2EFE2561A346E0100B21793 /* Icon-76.png in Resources */,
				F2EFE2571A346E0100B21793 /* Icon-76@2x.png in Resources */,
				F2EFE2431A343E2800B21793 /* add.png in Resources */,
				54580C0E1A32B6EB00657F29 /* LaunchScreen.xib in Resources */,
				F2EFE25C1A346E0A00B21793 /* Icon-Small@2x.png in Resources */,
				F2EFE2471A344FAE00B21793 /* back.png in Resources */,
				F2EFE25F1A346EFF00B21793 /* logo.png in Resources */,
				F2EFE2291A3431A100B21793 /* Icon.png in Resources */,
				F2EFE22C1A3431A100B21793 /* iphone2x.jpeg in Resources */,
				F2EFE25B1A346E0A00B21793 /* Icon-Small.png in Resources */,
				F2EFE2241A3431A100B21793 /* Icon-60.png in Resources */,
				F2EFE2351A34337400B21793 /* fire_button_large.png in Resources */,
				F2EFE22B1A3431A100B21793 /* iphone.jpeg in Resources */,
				54580C0B1A32B6EB00657F29 /* Images.xcassets in Resources */,
				F2EFE2231A3431A100B21793 /* firebutton.png in Resources */,
				F2EFE2251A3431A100B21793 /* Icon-72.png in Resources */,
				F2EFE23D1A343D9900B21793 /* add.png in Resources */,
				F2EFE2631A34726D00B21793 /* launchscreen-adjusted.png in Resources */,
				F2EFE2321A3431A100B21793 /* people.png in Resources */,
				F2EFE2491A34501600B21793 /* back.png in Resources */,
				F2EFE2411A343E1400B21793 /* add.png in Resources */,
				F2EFE2331A3431A100B21793 /* pheonix.jpg in Resources */,
				F2EFE24E1A346DF400B21793 /* Icon-40@2x.png in Resources */,
				F2EFE2611A34722100B21793 /* launchscreenfinal.png in Resources */,
				F2EFE23F1A343DF600B21793 /* people.png in Resources */,
				F2EFE23B1A34365600B21793 /* swipe2.png in Resources */,
				F2EFE2301A3431A100B21793 /* launch-screen.jpg in Resources */,
				F2EFE22E1A3431A100B21793 /* iTunesArtwork@2x.png in Resources */,
				F2EFE22D1A3431A100B21793 /* iTunesArtwork.png in Resources */,
			);
			runOnlyForDeploymentPostprocessing = 0;
		};
		54580C111A32B6EB00657F29 /* Resources */ = {
			isa = PBXResourcesBuildPhase;
			buildActionMask = 2147483647;
			files = (
			);
			runOnlyForDeploymentPostprocessing = 0;
		};
		54580C271A336A6000657F29 /* Resources */ = {
			isa = PBXResourcesBuildPhase;
			buildActionMask = 2147483647;
			files = (
				54580C331A336A6000657F29 /* MainInterface.storyboard in Resources */,
			);
			runOnlyForDeploymentPostprocessing = 0;
		};
/* End PBXResourcesBuildPhase section */

/* Begin PBXSourcesBuildPhase section */
		54580BF71A32B6EB00657F29 /* Sources */ = {
			isa = PBXSourcesBuildPhase;
			buildActionMask = 2147483647;
			files = (
				F2EFE2671A347C7600B21793 /* ResponsiveTextFieldViewController.swift in Sources */,
				F2038A0B1A33A29100A874F7 /* TableViewController.swift in Sources */,
				F24B12D11A337FE9000F4B35 /* ContactsViewController.swift in Sources */,
				F24B12CF1A32D497000F4B35 /* LocationManager.swift in Sources */,
				54A077D51A33C53700CB2E58 /* AddButtonViewController.swift in Sources */,
				54580C061A32B6EB00657F29 /* ViewController.swift in Sources */,
				54580C011A32B6EB00657F29 /* AppDelegate.swift in Sources */,
				54580C041A32B6EB00657F29 /* Fire.xcdatamodeld in Sources */,
				54A077D71A33C54D00CB2E58 /* ButtonTableViewController.swift in Sources */,
			);
			runOnlyForDeploymentPostprocessing = 0;
		};
		54580C0F1A32B6EB00657F29 /* Sources */ = {
			isa = PBXSourcesBuildPhase;
			buildActionMask = 2147483647;
			files = (
				54A72C571A345666007FA5E5 /* AppDelegate.swift in Sources */,
				54580C1A1A32B6EB00657F29 /* FireTests.swift in Sources */,
			);
			runOnlyForDeploymentPostprocessing = 0;
		};
		54580C251A336A6000657F29 /* Sources */ = {
			isa = PBXSourcesBuildPhase;
			buildActionMask = 2147483647;
			files = (
				54A72C561A345663007FA5E5 /* AppDelegate.swift in Sources */,
				54580C311A336A6000657F29 /* TodayViewController.swift in Sources */,
			);
			runOnlyForDeploymentPostprocessing = 0;
		};
/* End PBXSourcesBuildPhase section */

/* Begin PBXTargetDependency section */
		54580C151A32B6EB00657F29 /* PBXTargetDependency */ = {
			isa = PBXTargetDependency;
			target = 54580BFA1A32B6EB00657F29 /* Fire */;
			targetProxy = 54580C141A32B6EB00657F29 /* PBXContainerItemProxy */;
		};
		54580C351A336A6000657F29 /* PBXTargetDependency */ = {
			isa = PBXTargetDependency;
			target = 54580C281A336A6000657F29 /* FireWidget */;
			targetProxy = 54580C341A336A6000657F29 /* PBXContainerItemProxy */;
		};
/* End PBXTargetDependency section */

/* Begin PBXVariantGroup section */
		54580C071A32B6EB00657F29 /* Main.storyboard */ = {
			isa = PBXVariantGroup;
			children = (
				54580C081A32B6EB00657F29 /* Base */,
			);
			name = Main.storyboard;
			sourceTree = "<group>";
		};
		54580C0C1A32B6EB00657F29 /* LaunchScreen.xib */ = {
			isa = PBXVariantGroup;
			children = (
				54580C0D1A32B6EB00657F29 /* Base */,
			);
			name = LaunchScreen.xib;
			sourceTree = "<group>";
		};
/* End PBXVariantGroup section */

/* Begin XCBuildConfiguration section */
		54580C1B1A32B6EB00657F29 /* Debug */ = {
			isa = XCBuildConfiguration;
			buildSettings = {
				ALWAYS_SEARCH_USER_PATHS = NO;
				CLANG_CXX_LANGUAGE_STANDARD = "gnu++0x";
				CLANG_CXX_LIBRARY = "libc++";
				CLANG_ENABLE_MODULES = YES;
				CLANG_ENABLE_OBJC_ARC = YES;
				CLANG_WARN_BOOL_CONVERSION = YES;
				CLANG_WARN_CONSTANT_CONVERSION = YES;
				CLANG_WARN_DIRECT_OBJC_ISA_USAGE = YES_ERROR;
				CLANG_WARN_EMPTY_BODY = YES;
				CLANG_WARN_ENUM_CONVERSION = YES;
				CLANG_WARN_INT_CONVERSION = YES;
				CLANG_WARN_OBJC_ROOT_CLASS = YES_ERROR;
				CLANG_WARN_UNREACHABLE_CODE = YES;
				CLANG_WARN__DUPLICATE_METHOD_MATCH = YES;
				"CODE_SIGN_IDENTITY[sdk=iphoneos*]" = "iPhone Developer";
				COPY_PHASE_STRIP = NO;
				ENABLE_STRICT_OBJC_MSGSEND = YES;
				GCC_C_LANGUAGE_STANDARD = gnu99;
				GCC_DYNAMIC_NO_PIC = NO;
				GCC_OPTIMIZATION_LEVEL = 0;
				GCC_PREPROCESSOR_DEFINITIONS = (
					"DEBUG=1",
					"$(inherited)",
				);
				GCC_SYMBOLS_PRIVATE_EXTERN = NO;
				GCC_WARN_64_TO_32_BIT_CONVERSION = YES;
				GCC_WARN_ABOUT_RETURN_TYPE = YES_ERROR;
				GCC_WARN_UNDECLARED_SELECTOR = YES;
				GCC_WARN_UNINITIALIZED_AUTOS = YES_AGGRESSIVE;
				GCC_WARN_UNUSED_FUNCTION = YES;
				GCC_WARN_UNUSED_VARIABLE = YES;
				IPHONEOS_DEPLOYMENT_TARGET = 8.1;
				MTL_ENABLE_DEBUG_INFO = YES;
				ONLY_ACTIVE_ARCH = YES;
				SDKROOT = iphoneos;
				SWIFT_OPTIMIZATION_LEVEL = "-Onone";
			};
			name = Debug;
		};
		54580C1C1A32B6EB00657F29 /* Release */ = {
			isa = XCBuildConfiguration;
			buildSettings = {
				ALWAYS_SEARCH_USER_PATHS = NO;
				CLANG_CXX_LANGUAGE_STANDARD = "gnu++0x";
				CLANG_CXX_LIBRARY = "libc++";
				CLANG_ENABLE_MODULES = YES;
				CLANG_ENABLE_OBJC_ARC = YES;
				CLANG_WARN_BOOL_CONVERSION = YES;
				CLANG_WARN_CONSTANT_CONVERSION = YES;
				CLANG_WARN_DIRECT_OBJC_ISA_USAGE = YES_ERROR;
				CLANG_WARN_EMPTY_BODY = YES;
				CLANG_WARN_ENUM_CONVERSION = YES;
				CLANG_WARN_INT_CONVERSION = YES;
				CLANG_WARN_OBJC_ROOT_CLASS = YES_ERROR;
				CLANG_WARN_UNREACHABLE_CODE = YES;
				CLANG_WARN__DUPLICATE_METHOD_MATCH = YES;
				"CODE_SIGN_IDENTITY[sdk=iphoneos*]" = "iPhone Developer";
				COPY_PHASE_STRIP = YES;
				ENABLE_NS_ASSERTIONS = NO;
				ENABLE_STRICT_OBJC_MSGSEND = YES;
				GCC_C_LANGUAGE_STANDARD = gnu99;
				GCC_WARN_64_TO_32_BIT_CONVERSION = YES;
				GCC_WARN_ABOUT_RETURN_TYPE = YES_ERROR;
				GCC_WARN_UNDECLARED_SELECTOR = YES;
				GCC_WARN_UNINITIALIZED_AUTOS = YES_AGGRESSIVE;
				GCC_WARN_UNUSED_FUNCTION = YES;
				GCC_WARN_UNUSED_VARIABLE = YES;
				IPHONEOS_DEPLOYMENT_TARGET = 8.1;
				MTL_ENABLE_DEBUG_INFO = NO;
				SDKROOT = iphoneos;
				VALIDATE_PRODUCT = YES;
			};
			name = Release;
		};
		54580C1E1A32B6EB00657F29 /* Debug */ = {
			isa = XCBuildConfiguration;
			buildSettings = {
				ASSETCATALOG_COMPILER_APPICON_NAME = AppIcon;
				EMBEDDED_CONTENT_CONTAINS_SWIFT = YES;
				INFOPLIST_FILE = Fire/Info.plist;
				LD_RUNPATH_SEARCH_PATHS = "$(inherited) @executable_path/Frameworks";
				PRODUCT_NAME = "$(TARGET_NAME)";
			};
			name = Debug;
		};
		54580C1F1A32B6EB00657F29 /* Release */ = {
			isa = XCBuildConfiguration;
			buildSettings = {
				ASSETCATALOG_COMPILER_APPICON_NAME = AppIcon;
				EMBEDDED_CONTENT_CONTAINS_SWIFT = YES;
				INFOPLIST_FILE = Fire/Info.plist;
				LD_RUNPATH_SEARCH_PATHS = "$(inherited) @executable_path/Frameworks";
				PRODUCT_NAME = "$(TARGET_NAME)";
			};
			name = Release;
		};
		54580C211A32B6EB00657F29 /* Debug */ = {
			isa = XCBuildConfiguration;
			buildSettings = {
				BUNDLE_LOADER = "$(TEST_HOST)";
				FRAMEWORK_SEARCH_PATHS = (
					"$(SDKROOT)/Developer/Library/Frameworks",
					"$(inherited)",
				);
				GCC_PREPROCESSOR_DEFINITIONS = (
					"DEBUG=1",
					"$(inherited)",
				);
				INFOPLIST_FILE = FireTests/Info.plist;
				LD_RUNPATH_SEARCH_PATHS = "$(inherited) @executable_path/Frameworks @loader_path/Frameworks";
				PRODUCT_NAME = "$(TARGET_NAME)";
				TEST_HOST = "$(BUILT_PRODUCTS_DIR)/Fire.app/Fire";
			};
			name = Debug;
		};
		54580C221A32B6EB00657F29 /* Release */ = {
			isa = XCBuildConfiguration;
			buildSettings = {
				BUNDLE_LOADER = "$(TEST_HOST)";
				FRAMEWORK_SEARCH_PATHS = (
					"$(SDKROOT)/Developer/Library/Frameworks",
					"$(inherited)",
				);
				INFOPLIST_FILE = FireTests/Info.plist;
				LD_RUNPATH_SEARCH_PATHS = "$(inherited) @executable_path/Frameworks @loader_path/Frameworks";
				PRODUCT_NAME = "$(TARGET_NAME)";
				TEST_HOST = "$(BUILT_PRODUCTS_DIR)/Fire.app/Fire";
			};
			name = Release;
		};
		54580C371A336A6000657F29 /* Debug */ = {
			isa = XCBuildConfiguration;
			buildSettings = {
				GCC_PREPROCESSOR_DEFINITIONS = (
					"DEBUG=1",
					"$(inherited)",
				);
				INFOPLIST_FILE = FireWidget/Info.plist;
				LD_RUNPATH_SEARCH_PATHS = "$(inherited) @executable_path/Frameworks @executable_path/../../Frameworks";
				PRODUCT_NAME = "$(TARGET_NAME)";
				SKIP_INSTALL = YES;
			};
			name = Debug;
		};
		54580C381A336A6000657F29 /* Release */ = {
			isa = XCBuildConfiguration;
			buildSettings = {
				INFOPLIST_FILE = FireWidget/Info.plist;
				LD_RUNPATH_SEARCH_PATHS = "$(inherited) @executable_path/Frameworks @executable_path/../../Frameworks";
				PRODUCT_NAME = "$(TARGET_NAME)";
				SKIP_INSTALL = YES;
			};
			name = Release;
		};
/* End XCBuildConfiguration section */

/* Begin XCConfigurationList section */
		54580BF61A32B6EB00657F29 /* Build configuration list for PBXProject "Fire" */ = {
			isa = XCConfigurationList;
			buildConfigurations = (
				54580C1B1A32B6EB00657F29 /* Debug */,
				54580C1C1A32B6EB00657F29 /* Release */,
			);
			defaultConfigurationIsVisible = 0;
			defaultConfigurationName = Release;
		};
		54580C1D1A32B6EB00657F29 /* Build configuration list for PBXNativeTarget "Fire" */ = {
			isa = XCConfigurationList;
			buildConfigurations = (
				54580C1E1A32B6EB00657F29 /* Debug */,
				54580C1F1A32B6EB00657F29 /* Release */,
			);
			defaultConfigurationIsVisible = 0;
			defaultConfigurationName = Release;
		};
		54580C201A32B6EB00657F29 /* Build configuration list for PBXNativeTarget "FireTests" */ = {
			isa = XCConfigurationList;
			buildConfigurations = (
				54580C211A32B6EB00657F29 /* Debug */,
				54580C221A32B6EB00657F29 /* Release */,
			);
			defaultConfigurationIsVisible = 0;
			defaultConfigurationName = Release;
		};
		54580C391A336A6000657F29 /* Build configuration list for PBXNativeTarget "FireWidget" */ = {
			isa = XCConfigurationList;
			buildConfigurations = (
				54580C371A336A6000657F29 /* Debug */,
				54580C381A336A6000657F29 /* Release */,
			);
			defaultConfigurationIsVisible = 0;
			defaultConfigurationName = Release;
		};
/* End XCConfigurationList section */

/* Begin XCVersionGroup section */
		54580C021A32B6EB00657F29 /* Fire.xcdatamodeld */ = {
			isa = XCVersionGroup;
			children = (
				54580C031A32B6EB00657F29 /* Fire.xcdatamodel */,
			);
			currentVersion = 54580C031A32B6EB00657F29 /* Fire.xcdatamodel */;
			path = Fire.xcdatamodeld;
			sourceTree = "<group>";
			versionGroupType = wrapper.xcdatamodel;
		};
/* End XCVersionGroup section */
	};
	rootObject = 54580BF31A32B6EB00657F29 /* Project object */;
}
